
Microsoft Visual Studio Solution File, Format Version 12.00
# Visual Studio Version 17
VisualStudioVersion = 17.9.34723.18
MinimumVisualStudioVersion = 10.0.40219.1
Project("{FAE04EC0-301F-11D3-BF4B-00C04F79EFBC}") = "Mousam-App", "Mousam-App.csproj", "{3F2A2278-6C82-45C3-892F-4D3073E604D2}"
EndProject
Global
	GlobalSection(SolutionConfigurationPlatforms) = preSolution
		Debug|Any CPU = Debug|Any CPU
		Release|Any CPU = Release|Any CPU
	EndGlobalSection
	GlobalSection(ProjectConfigurationPlatforms) = postSolution
		{3F2A2278-6C82-45C3-892F-4D3073E604D2}.Debug|Any CPU.ActiveCfg = Debug|Any CPU
		{3F2A2278-6C82-45C3-892F-4D3073E604D2}.Debug|Any CPU.Build.0 = Debug|Any CPU
		{3F2A2278-6C82-45C3-892F-4D3073E604D2}.Release|Any CPU.ActiveCfg = Release|Any CPU
		{3F2A2278-6C82-45C3-892F-4D3073E604D2}.Release|Any CPU.Build.0 = Release|Any CPU
	EndGlobalSection
	GlobalSection(SolutionProperties) = preSolution
		HideSolutionNode = FALSE
	EndGlobalSection
	GlobalSection(ExtensibilityGlobals) = postSolution
		SolutionGuid = {E9876683-A056-48E5-9B9C-8903531A9E9B}
	EndGlobalSection
EndGlobal
